Microsoft Visual Studio Solution File, Format Version 12.00
# Visual Studio Version 17
VisualStudioVersion = 17.5.2.0
MinimumVisualStudioVersion = 10.0.40219.1
Project("{FAE04EC0-301F-11D3-BF4B-00C04F79EFBC}") = "dotnet-docker-app", "dotnet-docker-app.csproj", "{0F9BD93D-BB07-3815-8D5E-F15FD36977C4}"
EndProject
Global
	GlobalSection(SolutionConfigurationPlatforms) = preSolution
		Debug|Any CPU = Debug|Any CPU
		Release|Any CPU = Release|Any CPU
	EndGlobalSection
	GlobalSection(ProjectConfigurationPlatforms) = postSolution
		{0F9BD93D-BB07-3815-8D5E-F15FD36977C4}.Debug|Any CPU.ActiveCfg = Debug|Any CPU
		{0F9BD93D-BB07-3815-8D5E-F15FD36977C4}.Debug|Any CPU.Build.0 = Debug|Any CPU
		{0F9BD93D-BB07-3815-8D5E-F15FD36977C4}.Release|Any CPU.ActiveCfg = Release|Any CPU
		{0F9BD93D-BB07-3815-8D5E-F15FD36977C4}.Release|Any CPU.Build.0 = Release|Any CPU
	EndGlobalSection
	GlobalSection(SolutionProperties) = preSolution
		HideSolutionNode = FALSE
	EndGlobalSection
	GlobalSection(ExtensibilityGlobals) = postSolution
		SolutionGuid = {CB198F66-E751-4F96-A73C-73071F7E9EE3}
	EndGlobalSection
EndGlobal
